
Microsoft Visual Studio Solution File, Format Version 12.00
# Visual Studio 15
VisualStudioVersion = 15.0.27428.2043
MinimumVisualStudioVersion = 10.0.40219.1
Project("{FAE04EC0-301F-11D3-BF4B-00C04F79EFBC}") = "RecodageList", "RecodageList\RecodageList.csproj", "{E40F7A44-B4F7-479F-BC40-58CE4969F4A7}"
EndProject
Project("{2150E333-8FDC-42A3-9474-1A3956D46DE8}") = "SolutionItems", "SolutionItems", "{BF532AE3-9E18-4534-BD02-F0DA395FB642}"
	ProjectSection(SolutionItems) = preProject
		SqlConverter_v1_20\SolutionInfo.cs = SqlConverter_v1_20\SolutionInfo.cs
	EndProjectSection
EndProject
Project("{FAE04EC0-301F-11D3-BF4B-00C04F79EFBC}") = "Converter", "SqlConverter_v1_20\Converter\Converter.csproj", "{1D389047-977D-4278-8357-AC0AC751B95E}"
EndProject
Project("{FAE04EC0-301F-11D3-BF4B-00C04F79EFBC}") = "DbAccess", "SqlConverter_v1_20\DbAccess\DbAccess.csproj", "{23AAF1EF-2EB6-43AD-8103-A687F04A7288}"
EndProject
Project("{FAE04EC0-301F-11D3-BF4B-00C04F79EFBC}") = "OutilRapprochementTests", "OutilRapprochementTests\OutilRapprochementTests.csproj", "{1A5B8932-A8DB-4E21-BB68-4E0FF9D70DEE}"
EndProject
Global
	GlobalSection(SolutionConfigurationPlatforms) = preSolution
		Debug|Any CPU = Debug|Any CPU
		Debug|x86 = Debug|x86
		Release|Any CPU = Release|Any CPU
		Release|x86 = Release|x86
	EndGlobalSection
	GlobalSection(ProjectConfigurationPlatforms) = postSolution
		{E40F7A44-B4F7-479F-BC40-58CE4969F4A7}.Debug|Any CPU.ActiveCfg = Debug|Any CPU
		{E40F7A44-B4F7-479F-BC40-58CE4969F4A7}.Debug|Any CPU.Build.0 = Debug|Any CPU
		{E40F7A44-B4F7-479F-BC40-58CE4969F4A7}.Debug|x86.ActiveCfg = Debug|x86
		{E40F7A44-B4F7-479F-BC40-58CE4969F4A7}.Debug|x86.Build.0 = Debug|x86
		{E40F7A44-B4F7-479F-BC40-58CE4969F4A7}.Release|Any CPU.ActiveCfg = Release|Any CPU
		{E40F7A44-B4F7-479F-BC40-58CE4969F4A7}.Release|Any CPU.Build.0 = Release|Any CPU
		{E40F7A44-B4F7-479F-BC40-58CE4969F4A7}.Release|x86.ActiveCfg = Release|x86
		{E40F7A44-B4F7-479F-BC40-58CE4969F4A7}.Release|x86.Build.0 = Release|x86
		{1D389047-977D-4278-8357-AC0AC751B95E}.Debug|Any CPU.ActiveCfg = Debug|Any CPU
		{1D389047-977D-4278-8357-AC0AC751B95E}.Debug|Any CPU.Build.0 = Debug|Any CPU
		{1D389047-977D-4278-8357-AC0AC751B95E}.Debug|x86.ActiveCfg = Debug|x86
		{1D389047-977D-4278-8357-AC0AC751B95E}.Debug|x86.Build.0 = Debug|x86
		{1D389047-977D-4278-8357-AC0AC751B95E}.Release|Any CPU.ActiveCfg = Release|Any CPU
		{1D389047-977D-4278-8357-AC0AC751B95E}.Release|Any CPU.Build.0 = Release|Any CPU
		{1D389047-977D-4278-8357-AC0AC751B95E}.Release|x86.ActiveCfg = Release|x86
		{1D389047-977D-4278-8357-AC0AC751B95E}.Release|x86.Build.0 = Release|x86
		{23AAF1EF-2EB6-43AD-8103-A687F04A7288}.Debug|Any CPU.ActiveCfg = Debug|Any CPU
		{23AAF1EF-2EB6-43AD-8103-A687F04A7288}.Debug|Any CPU.Build.0 = Debug|Any CPU
		{23AAF1EF-2EB6-43AD-8103-A687F04A7288}.Debug|x86.ActiveCfg = Debug|x86
		{23AAF1EF-2EB6-43AD-8103-A687F04A7288}.Debug|x86.Build.0 = Debug|x86
		{23AAF1EF-2EB6-43AD-8103-A687F04A7288}.Release|Any CPU.ActiveCfg = Release|Any CPU
		{23AAF1EF-2EB6-43AD-8103-A687F04A7288}.Release|Any CPU.Build.0 = Release|Any CPU
		{23AAF1EF-2EB6-43AD-8103-A687F04A7288}.Release|x86.ActiveCfg = Release|x86
		{23AAF1EF-2EB6-43AD-8103-A687F04A7288}.Release|x86.Build.0 = Release|x86
		{1A5B8932-A8DB-4E21-BB68-4E0FF9D70DEE}.Debug|Any CPU.ActiveCfg = Debug|Any CPU
		{1A5B8932-A8DB-4E21-BB68-4E0FF9D70DEE}.Debug|Any CPU.Build.0 = Debug|Any CPU
		{1A5B8932-A8DB-4E21-BB68-4E0FF9D70DEE}.Debug|x86.ActiveCfg = Debug|Any CPU
		{1A5B8932-A8DB-4E21-BB68-4E0FF9D70DEE}.Debug|x86.Build.0 = Debug|Any CPU
		{1A5B8932-A8DB-4E21-BB68-4E0FF9D70DEE}.Release|Any CPU.ActiveCfg = Release|Any CPU
		{1A5B8932-A8DB-4E21-BB68-4E0FF9D70DEE}.Release|Any CPU.Build.0 = Release|Any CPU
		{1A5B8932-A8DB-4E21-BB68-4E0FF9D70DEE}.Release|x86.ActiveCfg = Release|Any CPU
		{1A5B8932-A8DB-4E21-BB68-4E0FF9D70DEE}.Release|x86.Build.0 = Release|Any CPU
	EndGlobalSection
	GlobalSection(SolutionProperties) = preSolution
		HideSolutionNode = FALSE
	EndGlobalSection
	GlobalSection(ExtensibilityGlobals) = postSolution
		SolutionGuid = {9B47D8E3-98F2-4C6B-AFFF-6FCE433044B4}
	EndGlobalSection
EndGlobal
